{
    "version": "0.5",
    "requires": [
        "zlib/1.3.2#1cb806da49011867778ffb6ac7190fcb%1777558780.503",
        "re2/20251105#8579cfd0bda4daf0683f9e3898f964b4%1772560729.95",
        "protobuf/6.33.5#ca5ff466767b31a1b496ec60247e105c%1785159690.783",
        "openssl/3.6.3#a81313131c78c6414f25b5fe0a83204b%1783446193.901",
        "libbacktrace/cci.20210118#a7691bfccd8caaf66309df196790a5a1%1722218217.276",
        "gtest/1.17.0#43201cc96e5d35332662ce8890cceb27%1786446850.202",
        "grpc/1.83.0#67e377a995d4a1279bffe2b941ac2f55%1784803802.92",
        "c-ares/1.34.8#074b97a9e38159813ed5e2dcfeb290ca%1784539118.141",
        "bzip2/1.0.8#c470882369c2d95c5c77e970c0c7e321%1762886692.465",
        "boost/1.88.0#0039d662d38ac48eccb9c764413dfd3a%1783338730.604",
        "asio-grpc/3.5.0#8f92f9e9625afe8fe2c6938a8ca22ca3%1768325511.174",
        "asio/1.38.2#fa7a17c05a4323a6b2d39b25175cca36%1784597712.514",
        "abseil/20260107.1#883e95a7be2b767999f64669ac642e5d%1773137897.755"
    ],
    "build_requires": [
        "zlib/1.3.2#1cb806da49011867778ffb6ac7190fcb%1777558780.503",
        "protobuf/6.33.5#ca5ff466767b31a1b496ec60247e105c%1785159690.783",
        "cmake/4.4.2#8a0d360635c870b1d5c675489ee25074%1786458127.662",
        "b2/5.5.3#043a75bcbb090e3f81f7ac849850d0ca%1784261134.143",
        "abseil/20260107.1#883e95a7be2b767999f64669ac642e5d%1773137897.755"
    ],
    "python_requires": [],
    "config_requires": []
}
